
Microsoft Visual Studio Solution File, Format Version 12.00
# Visual Studio Version 17
VisualStudioVersion = 17.12.35707.178 d17.12
MinimumVisualStudioVersion = 10.0.40219.1
Project("{FAE04EC0-301F-11D3-BF4B-00C04F79EFBC}") = "Catalog.API", "Catalog.API\Catalog.API.csproj", "{DB740357-342B-46EB-943D-B62CF81FEE18}"
EndProject
Project("{2150E333-8FDC-42A3-9474-1A3956D46DE8}") = "src", "src", "{11970234-5C2F-4C15-ADB4-B613E69BD64E}"
EndProject
Project("{2150E333-8FDC-42A3-9474-1A3956D46DE8}") = "Services", "Services", "{F3E1FA8B-BDA9-4AAD-97B2-574FEA289BA9}"
EndProject
Project("{FAE04EC0-301F-11D3-BF4B-00C04F79EFBC}") = "Order.API", "Order.API\Order.API.csproj", "{D24474EB-33F5-44CD-B61A-D7B53C8039DA}"
EndProject
Project("{FAE04EC0-301F-11D3-BF4B-00C04F79EFBC}") = "ApiGateway", "ApiGateway\ApiGateway.csproj", "{F06619DF-048B-4753-A93A-8CB2E71BFDA0}"
EndProject
Project("{2150E333-8FDC-42A3-9474-1A3956D46DE8}") = "ApiGateway", "ApiGateway", "{37DD943B-2259-4984-A483-E3E45707C148}"
EndProject
Project("{FAE04EC0-301F-11D3-BF4B-00C04F79EFBC}") = "Catalog.Domain", "Catalog.Domain\Catalog.Domain.csproj", "{A4881286-5D35-4021-A993-522C4D1E40F9}"
EndProject
Project("{FAE04EC0-301F-11D3-BF4B-00C04F79EFBC}") = "Catalog.Application", "Catalog.Application\Catalog.Application.csproj", "{BFCC18C0-83BD-4A46-BBAA-198085CD3A40}"
EndProject
Global
	GlobalSection(SolutionConfigurationPlatforms) = preSolution
		Debug|Any CPU = Debug|Any CPU
		Release|Any CPU = Release|Any CPU
	EndGlobalSection
	GlobalSection(ProjectConfigurationPlatforms) = postSolution
		{DB740357-342B-46EB-943D-B62CF81FEE18}.Debug|Any CPU.ActiveCfg = Debug|Any CPU
		{DB740357-342B-46EB-943D-B62CF81FEE18}.Debug|Any CPU.Build.0 = Debug|Any CPU
		{DB740357-342B-46EB-943D-B62CF81FEE18}.Release|Any CPU.ActiveCfg = Release|Any CPU
		{DB740357-342B-46EB-943D-B62CF81FEE18}.Release|Any CPU.Build.0 = Release|Any CPU
		{D24474EB-33F5-44CD-B61A-D7B53C8039DA}.Debug|Any CPU.ActiveCfg = Debug|Any CPU
		{D24474EB-33F5-44CD-B61A-D7B53C8039DA}.Debug|Any CPU.Build.0 = Debug|Any CPU
		{D24474EB-33F5-44CD-B61A-D7B53C8039DA}.Release|Any CPU.ActiveCfg = Release|Any CPU
		{D24474EB-33F5-44CD-B61A-D7B53C8039DA}.Release|Any CPU.Build.0 = Release|Any CPU
		{F06619DF-048B-4753-A93A-8CB2E71BFDA0}.Debug|Any CPU.ActiveCfg = Debug|Any CPU
		{F06619DF-048B-4753-A93A-8CB2E71BFDA0}.Debug|Any CPU.Build.0 = Debug|Any CPU
		{F06619DF-048B-4753-A93A-8CB2E71BFDA0}.Release|Any CPU.ActiveCfg = Release|Any CPU
		{F06619DF-048B-4753-A93A-8CB2E71BFDA0}.Release|Any CPU.Build.0 = Release|Any CPU
		{A4881286-5D35-4021-A993-522C4D1E40F9}.Debug|Any CPU.ActiveCfg = Debug|Any CPU
		{A4881286-5D35-4021-A993-522C4D1E40F9}.Debug|Any CPU.Build.0 = Debug|Any CPU
		{A4881286-5D35-4021-A993-522C4D1E40F9}.Release|Any CPU.ActiveCfg = Release|Any CPU
		{A4881286-5D35-4021-A993-522C4D1E40F9}.Release|Any CPU.Build.0 = Release|Any CPU
		{BFCC18C0-83BD-4A46-BBAA-198085CD3A40}.Debug|Any CPU.ActiveCfg = Debug|Any CPU
		{BFCC18C0-83BD-4A46-BBAA-198085CD3A40}.Debug|Any CPU.Build.0 = Debug|Any CPU
		{BFCC18C0-83BD-4A46-BBAA-198085CD3A40}.Release|Any CPU.ActiveCfg = Release|Any CPU
		{BFCC18C0-83BD-4A46-BBAA-198085CD3A40}.Release|Any CPU.Build.0 = Release|Any CPU
	EndGlobalSection
	GlobalSection(SolutionProperties) = preSolution
		HideSolutionNode = FALSE
	EndGlobalSection
	GlobalSection(NestedProjects) = preSolution
		{DB740357-342B-46EB-943D-B62CF81FEE18} = {F3E1FA8B-BDA9-4AAD-97B2-574FEA289BA9}
		{F3E1FA8B-BDA9-4AAD-97B2-574FEA289BA9} = {11970234-5C2F-4C15-ADB4-B613E69BD64E}
		{D24474EB-33F5-44CD-B61A-D7B53C8039DA} = {F3E1FA8B-BDA9-4AAD-97B2-574FEA289BA9}
		{F06619DF-048B-4753-A93A-8CB2E71BFDA0} = {37DD943B-2259-4984-A483-E3E45707C148}
		{37DD943B-2259-4984-A483-E3E45707C148} = {11970234-5C2F-4C15-ADB4-B613E69BD64E}
		{A4881286-5D35-4021-A993-522C4D1E40F9} = {F3E1FA8B-BDA9-4AAD-97B2-574FEA289BA9}
		{BFCC18C0-83BD-4A46-BBAA-198085CD3A40} = {F3E1FA8B-BDA9-4AAD-97B2-574FEA289BA9}
	EndGlobalSection
EndGlobal
